
Microsoft Visual Studio Solution File, Format Version 12.00
# Visual Studio 2013
VisualStudioVersion = 12.0.21005.1
MinimumVisualStudioVersion = 10.0.40219.1
Project("{FAE04EC0-301F-11D3-BF4B-00C04F79EFBC}") = "Mr.King.DB", "Mr.King.DB\Mr.King.DB.csproj", "{2B693BD1-CD6C-46B0-8894-49640E52CB34}"
EndProject
Project("{FAE04EC0-301F-11D3-BF4B-00C04F79EFBC}") = "Mr.King.DllConfig", "Mr.King.DllConfig\Mr.King.DllConfig.csproj", "{CDB17675-ECE7-4671-86BC-BD4AD72E767D}"
EndProject
Project("{FAE04EC0-301F-11D3-BF4B-00C04F79EFBC}") = "DownLoad.UI", "DownLoad.UI\DownLoad.UI.csproj", "{70026366-0DB9-42E9-B459-C5DD8445837B}"
EndProject
Project("{FAE04EC0-301F-11D3-BF4B-00C04F79EFBC}") = "DownLoad.Core", "DownLoad.Core\DownLoad.Core.csproj", "{5DD55889-557C-480B-9AB4-39936A384ECB}"
EndProject
Project("{FAE04EC0-301F-11D3-BF4B-00C04F79EFBC}") = "DownLoad.Business", "DownLoad.Business\DownLoad.Business.csproj", "{2025684B-433C-451A-A6B7-A0AE6E150DA6}"
EndProject
Global
	GlobalSection(SolutionConfigurationPlatforms) = preSolution
		Debug|Any CPU = Debug|Any CPU
		Debug|Mixed Platforms = Debug|Mixed Platforms
		Debug|x86 = Debug|x86
		Release|Any CPU = Release|Any CPU
		Release|Mixed Platforms = Release|Mixed Platforms
		Release|x86 = Release|x86
	EndGlobalSection
	GlobalSection(ProjectConfigurationPlatforms) = postSolution
		{2B693BD1-CD6C-46B0-8894-49640E52CB34}.Debug|Any CPU.ActiveCfg = Debug|Any CPU
		{2B693BD1-CD6C-46B0-8894-49640E52CB34}.Debug|Any CPU.Build.0 = Debug|Any CPU
		{2B693BD1-CD6C-46B0-8894-49640E52CB34}.Debug|Mixed Platforms.ActiveCfg = Debug|Any CPU
		{2B693BD1-CD6C-46B0-8894-49640E52CB34}.Debug|Mixed Platforms.Build.0 = Debug|Any CPU
		{2B693BD1-CD6C-46B0-8894-49640E52CB34}.Debug|x86.ActiveCfg = Debug|Any CPU
		{2B693BD1-CD6C-46B0-8894-49640E52CB34}.Release|Any CPU.ActiveCfg = Release|Any CPU
		{2B693BD1-CD6C-46B0-8894-49640E52CB34}.Release|Any CPU.Build.0 = Release|Any CPU
		{2B693BD1-CD6C-46B0-8894-49640E52CB34}.Release|Mixed Platforms.ActiveCfg = Release|Any CPU
		{2B693BD1-CD6C-46B0-8894-49640E52CB34}.Release|Mixed Platforms.Build.0 = Release|Any CPU
		{2B693BD1-CD6C-46B0-8894-49640E52CB34}.Release|x86.ActiveCfg = Release|Any CPU
		{CDB17675-ECE7-4671-86BC-BD4AD72E767D}.Debug|Any CPU.ActiveCfg = Debug|Any CPU
		{CDB17675-ECE7-4671-86BC-BD4AD72E767D}.Debug|Any CPU.Build.0 = Debug|Any CPU
		{CDB17675-ECE7-4671-86BC-BD4AD72E767D}.Debug|Mixed Platforms.ActiveCfg = Debug|Any CPU
		{CDB17675-ECE7-4671-86BC-BD4AD72E767D}.Debug|Mixed Platforms.Build.0 = Debug|Any CPU
		{CDB17675-ECE7-4671-86BC-BD4AD72E767D}.Debug|x86.ActiveCfg = Debug|Any CPU
		{CDB17675-ECE7-4671-86BC-BD4AD72E767D}.Release|Any CPU.ActiveCfg = Release|Any CPU
		{CDB17675-ECE7-4671-86BC-BD4AD72E767D}.Release|Any CPU.Build.0 = Release|Any CPU
		{CDB17675-ECE7-4671-86BC-BD4AD72E767D}.Release|Mixed Platforms.ActiveCfg = Release|Any CPU
		{CDB17675-ECE7-4671-86BC-BD4AD72E767D}.Release|Mixed Platforms.Build.0 = Release|Any CPU
		{CDB17675-ECE7-4671-86BC-BD4AD72E767D}.Release|x86.ActiveCfg = Release|Any CPU
		{70026366-0DB9-42E9-B459-C5DD8445837B}.Debug|Any CPU.ActiveCfg = Debug|Any CPU
		{70026366-0DB9-42E9-B459-C5DD8445837B}.Debug|Any CPU.Build.0 = Debug|Any CPU
		{70026366-0DB9-42E9-B459-C5DD8445837B}.Debug|Mixed Platforms.ActiveCfg = Debug|Any CPU
		{70026366-0DB9-42E9-B459-C5DD8445837B}.Debug|Mixed Platforms.Build.0 = Debug|Any CPU
		{70026366-0DB9-42E9-B459-C5DD8445837B}.Debug|x86.ActiveCfg = Debug|Any CPU
		{70026366-0DB9-42E9-B459-C5DD8445837B}.Release|Any CPU.ActiveCfg = Release|Any CPU
		{70026366-0DB9-42E9-B459-C5DD8445837B}.Release|Any CPU.Build.0 = Release|Any CPU
		{70026366-0DB9-42E9-B459-C5DD8445837B}.Release|Mixed Platforms.ActiveCfg = Release|Any CPU
		{70026366-0DB9-42E9-B459-C5DD8445837B}.Release|Mixed Platforms.Build.0 = Release|Any CPU
		{70026366-0DB9-42E9-B459-C5DD8445837B}.Release|x86.ActiveCfg = Release|Any CPU
		{5DD55889-557C-480B-9AB4-39936A384ECB}.Debug|Any CPU.ActiveCfg = Debug|Any CPU
		{5DD55889-557C-480B-9AB4-39936A384ECB}.Debug|Any CPU.Build.0 = Debug|Any CPU
		{5DD55889-557C-480B-9AB4-39936A384ECB}.Debug|Mixed Platforms.ActiveCfg = Debug|Any CPU
		{5DD55889-557C-480B-9AB4-39936A384ECB}.Debug|Mixed Platforms.Build.0 = Debug|Any CPU
		{5DD55889-557C-480B-9AB4-39936A384ECB}.Debug|x86.ActiveCfg = Debug|Any CPU
		{5DD55889-557C-480B-9AB4-39936A384ECB}.Release|Any CPU.ActiveCfg = Release|Any CPU
		{5DD55889-557C-480B-9AB4-39936A384ECB}.Release|Any CPU.Build.0 = Release|Any CPU
		{5DD55889-557C-480B-9AB4-39936A384ECB}.Release|Mixed Platforms.ActiveCfg = Release|Any CPU
		{5DD55889-557C-480B-9AB4-39936A384ECB}.Release|Mixed Platforms.Build.0 = Release|Any CPU
		{5DD55889-557C-480B-9AB4-39936A384ECB}.Release|x86.ActiveCfg = Release|Any CPU
		{2025684B-433C-451A-A6B7-A0AE6E150DA6}.Debug|Any CPU.ActiveCfg = Debug|Any CPU
		{2025684B-433C-451A-A6B7-A0AE6E150DA6}.Debug|Any CPU.Build.0 = Debug|Any CPU
		{2025684B-433C-451A-A6B7-A0AE6E150DA6}.Debug|Mixed Platforms.ActiveCfg = Debug|Any CPU
		{2025684B-433C-451A-A6B7-A0AE6E150DA6}.Debug|Mixed Platforms.Build.0 = Debug|Any CPU
		{2025684B-433C-451A-A6B7-A0AE6E150DA6}.Debug|x86.ActiveCfg = Debug|Any CPU
		{2025684B-433C-451A-A6B7-A0AE6E150DA6}.Release|Any CPU.ActiveCfg = Release|Any CPU
		{2025684B-433C-451A-A6B7-A0AE6E150DA6}.Release|Any CPU.Build.0 = Release|Any CPU
		{2025684B-433C-451A-A6B7-A0AE6E150DA6}.Release|Mixed Platforms.ActiveCfg = Release|Any CPU
		{2025684B-433C-451A-A6B7-A0AE6E150DA6}.Release|Mixed Platforms.Build.0 = Release|Any CPU
		{2025684B-433C-451A-A6B7-A0AE6E150DA6}.Release|x86.ActiveCfg = Release|Any CPU
	EndGlobalSection
	GlobalSection(SolutionProperties) = preSolution
		HideSolutionNode = FALSE
	EndGlobalSection
EndGlobal
