
Microsoft Visual Studio Solution File, Format Version 12.00
# Visual Studio 2013
VisualStudioVersion = 12.0.21005.1
MinimumVisualStudioVersion = 10.0.40219.1
Project("{FAE04EC0-301F-11D3-BF4B-00C04F79EFBC}") = "TaskSchedule.Core", "TaskSchedule.Core\TaskSchedule.Core.csproj", "{5DD55889-557C-480B-9AB4-39936A384ECB}"
EndProject
Project("{FAE04EC0-301F-11D3-BF4B-00C04F79EFBC}") = "TaskSchedule.UI.Wpf", "TaskSchedule.UI.Wpf\TaskSchedule.UI.Wpf.csproj", "{3F7FE6F1-3300-40F8-8C32-89B09D6FF71D}"
EndProject
Project("{FAE04EC0-301F-11D3-BF4B-00C04F79EFBC}") = "TaskSchedule.UI.DevBase", "TaskSchedule.UI.Base\TaskSchedule.UI.DevBase.csproj", "{6450A893-F934-491C-8CB2-8ED7AFA4D1F7}"
EndProject
Project("{FAE04EC0-301F-11D3-BF4B-00C04F79EFBC}") = "ICSharpCode.TextEditor", "ICSharpCode.TextEditor\ICSharpCode.TextEditor.csproj", "{D9DF7A4D-01A8-43CA-87C2-C76E09A61F51}"
EndProject
Project("{FAE04EC0-301F-11D3-BF4B-00C04F79EFBC}") = "TaskSchedule.ConsoleTest", "TaskSchedule.ConsoleTest\TaskSchedule.ConsoleTest.csproj", "{0C9C1123-4283-40AF-9DCC-A228B3EAF038}"
EndProject
Project("{FAE04EC0-301F-11D3-BF4B-00C04F79EFBC}") = "TaskSchedule.Business.SyncData", "TaskSchedule.Business.SyncData\TaskSchedule.Business.SyncData.csproj", "{C5EAB445-D15D-436C-8089-96E41E3705DD}"
EndProject
Project("{FAE04EC0-301F-11D3-BF4B-00C04F79EFBC}") = "TaskSchedule.Interface", "TaskSchedule.Interface\TaskSchedule.Interface.csproj", "{EFA8B69F-FF4F-4D0D-A260-B2ED8E22CBDC}"
EndProject
Project("{FAE04EC0-301F-11D3-BF4B-00C04F79EFBC}") = "TaskSchedule.UI.Main.Dev", "TaskSchedule.UI.DevUI.Main\TaskSchedule.UI.Main.Dev.csproj", "{310D6E07-2E03-435C-866B-E2EA71E2FA8C}"
EndProject
Project("{FAE04EC0-301F-11D3-BF4B-00C04F79EFBC}") = "SwitchConfig", "SwitchConfig\SwitchConfig.csproj", "{A24E243D-5AA3-423A-8FE6-25A86BB72C5C}"
EndProject
Project("{2150E333-8FDC-42A3-9474-1A3956D46DE8}") = "UI.Dev", "UI.Dev", "{FA6C384D-B0C2-4A54-A9F1-3D31C7DB3ED6}"
EndProject
Project("{2150E333-8FDC-42A3-9474-1A3956D46DE8}") = "Business", "Business", "{607F2C74-290C-4612-91F4-2AF51F62D0B7}"
EndProject
Project("{2150E333-8FDC-42A3-9474-1A3956D46DE8}") = "Core", "Core", "{70A5C654-F9A0-47E9-8E5A-B53407821A73}"
EndProject
Project("{FAE04EC0-301F-11D3-BF4B-00C04F79EFBC}") = "TaskSchedule.Business.PushMessage", "TaskSchedule.Business.PushMessage\TaskSchedule.Business.PushMessage.csproj", "{1F35D88B-78D4-4058-B6D8-E34903F72365}"
EndProject
Project("{FAE04EC0-301F-11D3-BF4B-00C04F79EFBC}") = "TaskSchedule.UI.Config.Dev", "TaskSchedule.UI.Config.Dev\TaskSchedule.UI.Config.Dev.csproj", "{23F3AB8B-0F3B-46AC-A8F8-B642DAE0447A}"
EndProject
Project("{FAE04EC0-301F-11D3-BF4B-00C04F79EFBC}") = "TaskSchedule.UI.Log.Dev", "TaskSchedule.UI.Log.Dev\TaskSchedule.UI.Log.Dev.csproj", "{EDB6C37E-518C-452C-ADDD-A851072EC7CE}"
EndProject
Project("{2150E333-8FDC-42A3-9474-1A3956D46DE8}") = "UI.Wpf", "UI.Wpf", "{AC635E67-23DE-42FE-8B3B-D56061D29E3F}"
EndProject
Global
	GlobalSection(SolutionConfigurationPlatforms) = preSolution
		Debug|Any CPU = Debug|Any CPU
		Debug|Mixed Platforms = Debug|Mixed Platforms
		Debug|x86 = Debug|x86
		Release|Any CPU = Release|Any CPU
		Release|Mixed Platforms = Release|Mixed Platforms
		Release|x86 = Release|x86
	EndGlobalSection
	GlobalSection(ProjectConfigurationPlatforms) = postSolution
		{5DD55889-557C-480B-9AB4-39936A384ECB}.Debug|Any CPU.ActiveCfg = Debug|Any CPU
		{5DD55889-557C-480B-9AB4-39936A384ECB}.Debug|Any CPU.Build.0 = Debug|Any CPU
		{5DD55889-557C-480B-9AB4-39936A384ECB}.Debug|Mixed Platforms.ActiveCfg = Debug|Any CPU
		{5DD55889-557C-480B-9AB4-39936A384ECB}.Debug|Mixed Platforms.Build.0 = Debug|Any CPU
		{5DD55889-557C-480B-9AB4-39936A384ECB}.Debug|x86.ActiveCfg = Debug|Any CPU
		{5DD55889-557C-480B-9AB4-39936A384ECB}.Release|Any CPU.ActiveCfg = Release|Any CPU
		{5DD55889-557C-480B-9AB4-39936A384ECB}.Release|Any CPU.Build.0 = Release|Any CPU
		{5DD55889-557C-480B-9AB4-39936A384ECB}.Release|Mixed Platforms.ActiveCfg = Release|Any CPU
		{5DD55889-557C-480B-9AB4-39936A384ECB}.Release|Mixed Platforms.Build.0 = Release|Any CPU
		{5DD55889-557C-480B-9AB4-39936A384ECB}.Release|x86.ActiveCfg = Release|Any CPU
		{3F7FE6F1-3300-40F8-8C32-89B09D6FF71D}.Debug|Any CPU.ActiveCfg = Debug|Any CPU
		{3F7FE6F1-3300-40F8-8C32-89B09D6FF71D}.Debug|Any CPU.Build.0 = Debug|Any CPU
		{3F7FE6F1-3300-40F8-8C32-89B09D6FF71D}.Debug|Mixed Platforms.ActiveCfg = Debug|Any CPU
		{3F7FE6F1-3300-40F8-8C32-89B09D6FF71D}.Debug|Mixed Platforms.Build.0 = Debug|Any CPU
		{3F7FE6F1-3300-40F8-8C32-89B09D6FF71D}.Debug|x86.ActiveCfg = Debug|Any CPU
		{3F7FE6F1-3300-40F8-8C32-89B09D6FF71D}.Release|Any CPU.ActiveCfg = Release|Any CPU
		{3F7FE6F1-3300-40F8-8C32-89B09D6FF71D}.Release|Any CPU.Build.0 = Release|Any CPU
		{3F7FE6F1-3300-40F8-8C32-89B09D6FF71D}.Release|Mixed Platforms.ActiveCfg = Release|Any CPU
		{3F7FE6F1-3300-40F8-8C32-89B09D6FF71D}.Release|Mixed Platforms.Build.0 = Release|Any CPU
		{3F7FE6F1-3300-40F8-8C32-89B09D6FF71D}.Release|x86.ActiveCfg = Release|Any CPU
		{6450A893-F934-491C-8CB2-8ED7AFA4D1F7}.Debug|Any CPU.ActiveCfg = Debug|Any CPU
		{6450A893-F934-491C-8CB2-8ED7AFA4D1F7}.Debug|Any CPU.Build.0 = Debug|Any CPU
		{6450A893-F934-491C-8CB2-8ED7AFA4D1F7}.Debug|Mixed Platforms.ActiveCfg = Debug|Any CPU
		{6450A893-F934-491C-8CB2-8ED7AFA4D1F7}.Debug|Mixed Platforms.Build.0 = Debug|Any CPU
		{6450A893-F934-491C-8CB2-8ED7AFA4D1F7}.Debug|x86.ActiveCfg = Debug|Any CPU
		{6450A893-F934-491C-8CB2-8ED7AFA4D1F7}.Release|Any CPU.ActiveCfg = Release|Any CPU
		{6450A893-F934-491C-8CB2-8ED7AFA4D1F7}.Release|Any CPU.Build.0 = Release|Any CPU
		{6450A893-F934-491C-8CB2-8ED7AFA4D1F7}.Release|Mixed Platforms.ActiveCfg = Release|Any CPU
		{6450A893-F934-491C-8CB2-8ED7AFA4D1F7}.Release|Mixed Platforms.Build.0 = Release|Any CPU
		{6450A893-F934-491C-8CB2-8ED7AFA4D1F7}.Release|x86.ActiveCfg = Release|Any CPU
		{D9DF7A4D-01A8-43CA-87C2-C76E09A61F51}.Debug|Any CPU.ActiveCfg = Debug|Any CPU
		{D9DF7A4D-01A8-43CA-87C2-C76E09A61F51}.Debug|Any CPU.Build.0 = Debug|Any CPU
		{D9DF7A4D-01A8-43CA-87C2-C76E09A61F51}.Debug|Mixed Platforms.ActiveCfg = Debug|Any CPU
		{D9DF7A4D-01A8-43CA-87C2-C76E09A61F51}.Debug|Mixed Platforms.Build.0 = Debug|Any CPU
		{D9DF7A4D-01A8-43CA-87C2-C76E09A61F51}.Debug|x86.ActiveCfg = Debug|Any CPU
		{D9DF7A4D-01A8-43CA-87C2-C76E09A61F51}.Release|Any CPU.ActiveCfg = Release|Any CPU
		{D9DF7A4D-01A8-43CA-87C2-C76E09A61F51}.Release|Any CPU.Build.0 = Release|Any CPU
		{D9DF7A4D-01A8-43CA-87C2-C76E09A61F51}.Release|Mixed Platforms.ActiveCfg = Release|Any CPU
		{D9DF7A4D-01A8-43CA-87C2-C76E09A61F51}.Release|Mixed Platforms.Build.0 = Release|Any CPU
		{D9DF7A4D-01A8-43CA-87C2-C76E09A61F51}.Release|x86.ActiveCfg = Release|Any CPU
		{0C9C1123-4283-40AF-9DCC-A228B3EAF038}.Debug|Any CPU.ActiveCfg = Debug|Any CPU
		{0C9C1123-4283-40AF-9DCC-A228B3EAF038}.Debug|Any CPU.Build.0 = Debug|Any CPU
		{0C9C1123-4283-40AF-9DCC-A228B3EAF038}.Debug|Mixed Platforms.ActiveCfg = Debug|Any CPU
		{0C9C1123-4283-40AF-9DCC-A228B3EAF038}.Debug|Mixed Platforms.Build.0 = Debug|Any CPU
		{0C9C1123-4283-40AF-9DCC-A228B3EAF038}.Debug|x86.ActiveCfg = Debug|Any CPU
		{0C9C1123-4283-40AF-9DCC-A228B3EAF038}.Release|Any CPU.ActiveCfg = Release|Any CPU
		{0C9C1123-4283-40AF-9DCC-A228B3EAF038}.Release|Any CPU.Build.0 = Release|Any CPU
		{0C9C1123-4283-40AF-9DCC-A228B3EAF038}.Release|Mixed Platforms.ActiveCfg = Release|Any CPU
		{0C9C1123-4283-40AF-9DCC-A228B3EAF038}.Release|Mixed Platforms.Build.0 = Release|Any CPU
		{0C9C1123-4283-40AF-9DCC-A228B3EAF038}.Release|x86.ActiveCfg = Release|Any CPU
		{C5EAB445-D15D-436C-8089-96E41E3705DD}.Debug|Any CPU.ActiveCfg = Debug|Any CPU
		{C5EAB445-D15D-436C-8089-96E41E3705DD}.Debug|Any CPU.Build.0 = Debug|Any CPU
		{C5EAB445-D15D-436C-8089-96E41E3705DD}.Debug|Mixed Platforms.ActiveCfg = Debug|Any CPU
		{C5EAB445-D15D-436C-8089-96E41E3705DD}.Debug|Mixed Platforms.Build.0 = Debug|Any CPU
		{C5EAB445-D15D-436C-8089-96E41E3705DD}.Debug|x86.ActiveCfg = Debug|Any CPU
		{C5EAB445-D15D-436C-8089-96E41E3705DD}.Release|Any CPU.ActiveCfg = Release|Any CPU
		{C5EAB445-D15D-436C-8089-96E41E3705DD}.Release|Any CPU.Build.0 = Release|Any CPU
		{C5EAB445-D15D-436C-8089-96E41E3705DD}.Release|Mixed Platforms.ActiveCfg = Release|Any CPU
		{C5EAB445-D15D-436C-8089-96E41E3705DD}.Release|Mixed Platforms.Build.0 = Release|Any CPU
		{C5EAB445-D15D-436C-8089-96E41E3705DD}.Release|x86.ActiveCfg = Release|Any CPU
		{EFA8B69F-FF4F-4D0D-A260-B2ED8E22CBDC}.Debug|Any CPU.ActiveCfg = Debug|Any CPU
		{EFA8B69F-FF4F-4D0D-A260-B2ED8E22CBDC}.Debug|Any CPU.Build.0 = Debug|Any CPU
		{EFA8B69F-FF4F-4D0D-A260-B2ED8E22CBDC}.Debug|Mixed Platforms.ActiveCfg = Debug|Any CPU
		{EFA8B69F-FF4F-4D0D-A260-B2ED8E22CBDC}.Debug|Mixed Platforms.Build.0 = Debug|Any CPU
		{EFA8B69F-FF4F-4D0D-A260-B2ED8E22CBDC}.Debug|x86.ActiveCfg = Debug|Any CPU
		{EFA8B69F-FF4F-4D0D-A260-B2ED8E22CBDC}.Release|Any CPU.ActiveCfg = Release|Any CPU
		{EFA8B69F-FF4F-4D0D-A260-B2ED8E22CBDC}.Release|Any CPU.Build.0 = Release|Any CPU
		{EFA8B69F-FF4F-4D0D-A260-B2ED8E22CBDC}.Release|Mixed Platforms.ActiveCfg = Release|Any CPU
		{EFA8B69F-FF4F-4D0D-A260-B2ED8E22CBDC}.Release|Mixed Platforms.Build.0 = Release|Any CPU
		{EFA8B69F-FF4F-4D0D-A260-B2ED8E22CBDC}.Release|x86.ActiveCfg = Release|Any CPU
		{310D6E07-2E03-435C-866B-E2EA71E2FA8C}.Debug|Any CPU.ActiveCfg = Debug|Any CPU
		{310D6E07-2E03-435C-866B-E2EA71E2FA8C}.Debug|Any CPU.Build.0 = Debug|Any CPU
		{310D6E07-2E03-435C-866B-E2EA71E2FA8C}.Debug|Mixed Platforms.ActiveCfg = Debug|Any CPU
		{310D6E07-2E03-435C-866B-E2EA71E2FA8C}.Debug|Mixed Platforms.Build.0 = Debug|Any CPU
		{310D6E07-2E03-435C-866B-E2EA71E2FA8C}.Debug|x86.ActiveCfg = Debug|Any CPU
		{310D6E07-2E03-435C-866B-E2EA71E2FA8C}.Release|Any CPU.ActiveCfg = Release|Any CPU
		{310D6E07-2E03-435C-866B-E2EA71E2FA8C}.Release|Any CPU.Build.0 = Release|Any CPU
		{310D6E07-2E03-435C-866B-E2EA71E2FA8C}.Release|Mixed Platforms.ActiveCfg = Release|Any CPU
		{310D6E07-2E03-435C-866B-E2EA71E2FA8C}.Release|Mixed Platforms.Build.0 = Release|Any CPU
		{310D6E07-2E03-435C-866B-E2EA71E2FA8C}.Release|x86.ActiveCfg = Release|Any CPU
		{A24E243D-5AA3-423A-8FE6-25A86BB72C5C}.Debug|Any CPU.ActiveCfg = Debug|Any CPU
		{A24E243D-5AA3-423A-8FE6-25A86BB72C5C}.Debug|Any CPU.Build.0 = Debug|Any CPU
		{A24E243D-5AA3-423A-8FE6-25A86BB72C5C}.Debug|Mixed Platforms.ActiveCfg = Debug|Any CPU
		{A24E243D-5AA3-423A-8FE6-25A86BB72C5C}.Debug|Mixed Platforms.Build.0 = Debug|Any CPU
		{A24E243D-5AA3-423A-8FE6-25A86BB72C5C}.Debug|x86.ActiveCfg = Debug|Any CPU
		{A24E243D-5AA3-423A-8FE6-25A86BB72C5C}.Release|Any CPU.ActiveCfg = Release|Any CPU
		{A24E243D-5AA3-423A-8FE6-25A86BB72C5C}.Release|Any CPU.Build.0 = Release|Any CPU
		{A24E243D-5AA3-423A-8FE6-25A86BB72C5C}.Release|Mixed Platforms.ActiveCfg = Release|Any CPU
		{A24E243D-5AA3-423A-8FE6-25A86BB72C5C}.Release|Mixed Platforms.Build.0 = Release|Any CPU
		{A24E243D-5AA3-423A-8FE6-25A86BB72C5C}.Release|x86.ActiveCfg = Release|Any CPU
		{1F35D88B-78D4-4058-B6D8-E34903F72365}.Debug|Any CPU.ActiveCfg = Debug|Any CPU
		{1F35D88B-78D4-4058-B6D8-E34903F72365}.Debug|Any CPU.Build.0 = Debug|Any CPU
		{1F35D88B-78D4-4058-B6D8-E34903F72365}.Debug|Mixed Platforms.ActiveCfg = Debug|Any CPU
		{1F35D88B-78D4-4058-B6D8-E34903F72365}.Debug|Mixed Platforms.Build.0 = Debug|Any CPU
		{1F35D88B-78D4-4058-B6D8-E34903F72365}.Debug|x86.ActiveCfg = Debug|Any CPU
		{1F35D88B-78D4-4058-B6D8-E34903F72365}.Release|Any CPU.ActiveCfg = Release|Any CPU
		{1F35D88B-78D4-4058-B6D8-E34903F72365}.Release|Any CPU.Build.0 = Release|Any CPU
		{1F35D88B-78D4-4058-B6D8-E34903F72365}.Release|Mixed Platforms.ActiveCfg = Release|Any CPU
		{1F35D88B-78D4-4058-B6D8-E34903F72365}.Release|Mixed Platforms.Build.0 = Release|Any CPU
		{1F35D88B-78D4-4058-B6D8-E34903F72365}.Release|x86.ActiveCfg = Release|Any CPU
		{23F3AB8B-0F3B-46AC-A8F8-B642DAE0447A}.Debug|Any CPU.ActiveCfg = Debug|Any CPU
		{23F3AB8B-0F3B-46AC-A8F8-B642DAE0447A}.Debug|Any CPU.Build.0 = Debug|Any CPU
		{23F3AB8B-0F3B-46AC-A8F8-B642DAE0447A}.Debug|Mixed Platforms.ActiveCfg = Debug|Any CPU
		{23F3AB8B-0F3B-46AC-A8F8-B642DAE0447A}.Debug|Mixed Platforms.Build.0 = Debug|Any CPU
		{23F3AB8B-0F3B-46AC-A8F8-B642DAE0447A}.Debug|x86.ActiveCfg = Debug|Any CPU
		{23F3AB8B-0F3B-46AC-A8F8-B642DAE0447A}.Release|Any CPU.ActiveCfg = Release|Any CPU
		{23F3AB8B-0F3B-46AC-A8F8-B642DAE0447A}.Release|Any CPU.Build.0 = Release|Any CPU
		{23F3AB8B-0F3B-46AC-A8F8-B642DAE0447A}.Release|Mixed Platforms.ActiveCfg = Release|Any CPU
		{23F3AB8B-0F3B-46AC-A8F8-B642DAE0447A}.Release|Mixed Platforms.Build.0 = Release|Any CPU
		{23F3AB8B-0F3B-46AC-A8F8-B642DAE0447A}.Release|x86.ActiveCfg = Release|Any CPU
		{EDB6C37E-518C-452C-ADDD-A851072EC7CE}.Debug|Any CPU.ActiveCfg = Debug|Any CPU
		{EDB6C37E-518C-452C-ADDD-A851072EC7CE}.Debug|Any CPU.Build.0 = Debug|Any CPU
		{EDB6C37E-518C-452C-ADDD-A851072EC7CE}.Debug|Mixed Platforms.ActiveCfg = Debug|Any CPU
		{EDB6C37E-518C-452C-ADDD-A851072EC7CE}.Debug|Mixed Platforms.Build.0 = Debug|Any CPU
		{EDB6C37E-518C-452C-ADDD-A851072EC7CE}.Debug|x86.ActiveCfg = Debug|Any CPU
		{EDB6C37E-518C-452C-ADDD-A851072EC7CE}.Release|Any CPU.ActiveCfg = Release|Any CPU
		{EDB6C37E-518C-452C-ADDD-A851072EC7CE}.Release|Any CPU.Build.0 = Release|Any CPU
		{EDB6C37E-518C-452C-ADDD-A851072EC7CE}.Release|Mixed Platforms.ActiveCfg = Release|Any CPU
		{EDB6C37E-518C-452C-ADDD-A851072EC7CE}.Release|Mixed Platforms.Build.0 = Release|Any CPU
		{EDB6C37E-518C-452C-ADDD-A851072EC7CE}.Release|x86.ActiveCfg = Release|Any CPU
	EndGlobalSection
	GlobalSection(SolutionProperties) = preSolution
		HideSolutionNode = FALSE
	EndGlobalSection
	GlobalSection(NestedProjects) = preSolution
		{D9DF7A4D-01A8-43CA-87C2-C76E09A61F51} = {70A5C654-F9A0-47E9-8E5A-B53407821A73}
		{5DD55889-557C-480B-9AB4-39936A384ECB} = {70A5C654-F9A0-47E9-8E5A-B53407821A73}
		{6450A893-F934-491C-8CB2-8ED7AFA4D1F7} = {FA6C384D-B0C2-4A54-A9F1-3D31C7DB3ED6}
		{0C9C1123-4283-40AF-9DCC-A228B3EAF038} = {FA6C384D-B0C2-4A54-A9F1-3D31C7DB3ED6}
		{310D6E07-2E03-435C-866B-E2EA71E2FA8C} = {FA6C384D-B0C2-4A54-A9F1-3D31C7DB3ED6}
		{A24E243D-5AA3-423A-8FE6-25A86BB72C5C} = {FA6C384D-B0C2-4A54-A9F1-3D31C7DB3ED6}
		{23F3AB8B-0F3B-46AC-A8F8-B642DAE0447A} = {FA6C384D-B0C2-4A54-A9F1-3D31C7DB3ED6}
		{EDB6C37E-518C-452C-ADDD-A851072EC7CE} = {FA6C384D-B0C2-4A54-A9F1-3D31C7DB3ED6}
		{EFA8B69F-FF4F-4D0D-A260-B2ED8E22CBDC} = {607F2C74-290C-4612-91F4-2AF51F62D0B7}
		{C5EAB445-D15D-436C-8089-96E41E3705DD} = {607F2C74-290C-4612-91F4-2AF51F62D0B7}
		{1F35D88B-78D4-4058-B6D8-E34903F72365} = {607F2C74-290C-4612-91F4-2AF51F62D0B7}
		{3F7FE6F1-3300-40F8-8C32-89B09D6FF71D} = {AC635E67-23DE-42FE-8B3B-D56061D29E3F}
	EndGlobalSection
	GlobalSection(ExtensibilityGlobals) = postSolution
		SolutionGuid = {7715F12A-4406-4C32-8D6E-40D8FB90A216}
	EndGlobalSection
EndGlobal
